
Microsoft Visual Studio Solution File, Format Version 12.00
# Visual Studio 15
Project("{FAE04EC0-301F-11D3-BF4B-00C04F79EFBC}") = "Assembly-CSharp", "Assembly-CSharp.csproj", "{949B7079-EB98-2DEC-25D4-4005EDE5A8E1}"
EndProject
Project("{FAE04EC0-301F-11D3-BF4B-00C04F79EFBC}") = "Assembly-CSharp-firstpass", "Assembly-CSharp-firstpass.csproj", "{3AC160A7-1FB7-BA8E-2CBC-79C6C52391F6}"
EndProject
Project("{FAE04EC0-301F-11D3-BF4B-00C04F79EFBC}") = "Assembly-CSharp-Editor-firstpass", "Assembly-CSharp-Editor-firstpass.csproj", "{F7A87C30-DAB8-8EAB-9C6B-75BD981F32A8}"
EndProject
Global
	GlobalSection(SolutionConfigurationPlatforms) = preSolution
		Debug|Any CPU = Debug|Any CPU
		Release|Any CPU = Release|Any CPU
	EndGlobalSection
	GlobalSection(ProjectConfigurationPlatforms) = postSolution
		{949B7079-EB98-2DEC-25D4-4005EDE5A8E1}.Debug|Any CPU.ActiveCfg = Debug|Any CPU
		{949B7079-EB98-2DEC-25D4-4005EDE5A8E1}.Debug|Any CPU.Build.0 = Debug|Any CPU
		{949B7079-EB98-2DEC-25D4-4005EDE5A8E1}.Release|Any CPU.ActiveCfg = Release|Any CPU
		{949B7079-EB98-2DEC-25D4-4005EDE5A8E1}.Release|Any CPU.Build.0 = Release|Any CPU
		{3AC160A7-1FB7-BA8E-2CBC-79C6C52391F6}.Debug|Any CPU.ActiveCfg = Debug|Any CPU
		{3AC160A7-1FB7-BA8E-2CBC-79C6C52391F6}.Debug|Any CPU.Build.0 = Debug|Any CPU
		{3AC160A7-1FB7-BA8E-2CBC-79C6C52391F6}.Release|Any CPU.ActiveCfg = Release|Any CPU
		{3AC160A7-1FB7-BA8E-2CBC-79C6C52391F6}.Release|Any CPU.Build.0 = Release|Any CPU
		{F7A87C30-DAB8-8EAB-9C6B-75BD981F32A8}.Debug|Any CPU.ActiveCfg = Debug|Any CPU
		{F7A87C30-DAB8-8EAB-9C6B-75BD981F32A8}.Debug|Any CPU.Build.0 = Debug|Any CPU
		{F7A87C30-DAB8-8EAB-9C6B-75BD981F32A8}.Release|Any CPU.ActiveCfg = Release|Any CPU
		{F7A87C30-DAB8-8EAB-9C6B-75BD981F32A8}.Release|Any CPU.Build.0 = Release|Any CPU
	EndGlobalSection
	GlobalSection(SolutionProperties) = preSolution
		HideSolutionNode = FALSE
	EndGlobalSection
EndGlobal
